// !$*UTF8*$!
{
	archiveVersion = 1;
	classes = {
	};
	objectVersion = 46;
	objects = {

/* Begin PBXBuildFile section */
		D01A4CEF1E032FD700938DAE /* main.m in Sources */ = {isa = PBXBuildFile; fileRef = D01A4CEE1E032FD700938DAE /* main.m */; };
		D01A4CF21E032FD700938DAE /* AppDelegate.m in Sources */ = {isa = PBXBuildFile; fileRef = D01A4CF11E032FD700938DAE /* AppDelegate.m */; };
		D01A4CF51E032FD700938DAE /* ViewController.m in Sources */ = {isa = PBXBuildFile; fileRef = D01A4CF41E032FD700938DAE /* ViewController.m */; };
		D01A4CF81E032FD700938DAE /* Main.storyboard in Resources */ = {isa = PBXBuildFile; fileRef = D01A4CF61E032FD700938DAE /* Main.storyboard */; };
		D01A4CFA1E032FD700938DAE /* Assets.xcassets in Resources */ = {isa = PBXBuildFile; fileRef = D01A4CF91E032FD700938DAE /* Assets.xcassets */; };
		D01A4CFD1E032FD700938DAE /* LaunchScreen.storyboard in Resources */ = {isa = PBXBuildFile; fileRef = D01A4CFB1E032FD700938DAE /* LaunchScreen.storyboard */; };
		D01A4D081E0331A000938DAE /* PLAlbumCollectionViewCell.m in Sources */ = {isa = PBXBuildFile; fileRef = D01A4D071E0331A000938DAE /* PLAlbumCollectionViewCell.m */; };
		D04E03631E06E2320063E6B3 /* PLPhotoCollectionViewCell.m in Sources */ = {isa = PBXBuildFile; fileRef = D04E03621E06E2320063E6B3 /* PLPhotoCollectionViewCell.m */; };
		D04E03661E06E2550063E6B3 /* PLPhotosViewController.m in Sources */ = {isa = PBXBuildFile; fileRef = D04E03651E06E2550063E6B3 /* PLPhotosViewController.m */; };
		D04E036C1E0722710063E6B3 /* PLFullScreenPhotoViewController.m in Sources */ = {isa = PBXBuildFile; fileRef = D04E036B1E0722710063E6B3 /* PLFullScreenPhotoViewController.m */; };
		D0B43E7B1E05CE01009A908B /* Album.m in Sources */ = {isa = PBXBuildFile; fileRef = D0B43E7A1E05CE01009A908B /* Album.m */; };
		D0D12EB71E07B079002225E6 /* ImageAssetsManager.m in Sources */ = {isa = PBXBuildFile; fileRef = D0D12EB61E07B079002225E6 /* ImageAssetsManager.m */; };
/* End PBXBuildFile section */

/* Begin PBXFileReference section */
		D01A4CEA1E032FD600938DAE /* PhotoLibrary.app */ = {isa = PBXFileReference; explicitFileType = wrapper.application; includeInIndex = 0; path = PhotoLibrary.app; sourceTree = BUILT_PRODUCTS_DIR; };
		D01A4CEE1E032FD700938DAE /* main.m */ = {isa = PBXFileReference; lastKnownFileType = sourcecode.c.objc; path = main.m; sourceTree = "<group>"; };
		D01A4CF01E032FD700938DAE /* AppDelegate.h */ = {isa = PBXFileReference; lastKnownFileType = sourcecode.c.h; path = AppDelegate.h; sourceTree = "<group>"; };
		D01A4CF11E032FD700938DAE /* AppDelegate.m */ = {isa = PBXFileReference; lastKnownFileType = sourcecode.c.objc; path = AppDelegate.m; sourceTree = "<group>"; };
		D01A4CF31E032FD700938DAE /* ViewController.h */ = {isa = PBXFileReference; lastKnownFileType = sourcecode.c.h; path = ViewController.h; sourceTree = "<group>"; };
		D01A4CF41E032FD700938DAE /* ViewController.m */ = {isa = PBXFileReference; lastKnownFileType = sourcecode.c.objc; path = ViewController.m; sourceTree = "<group>"; };
		D01A4CF71E032FD700938DAE /* Base */ = {isa = PBXFileReference; lastKnownFileType = file.storyboard; name = Base; path = Base.lproj/Main.storyboard; sourceTree = "<group>"; };
		D01A4CF91E032FD700938DAE /* Assets.xcassets */ = {isa = PBXFileReference; lastKnownFileType = folder.assetcatalog; path = Assets.xcassets; sourceTree = "<group>"; };
		D01A4CFC1E032FD700938DAE /* Base */ = {isa = PBXFileReference; lastKnownFileType = file.storyboard; name = Base; path = Base.lproj/LaunchScreen.storyboard; sourceTree = "<group>"; };
		D01A4CFE1E032FD700938DAE /* Info.plist */ = {isa = PBXFileReference; lastKnownFileType = text.plist.xml; path = Info.plist; sourceTree = "<group>"; };
		D01A4D061E0331A000938DAE /* PLAlbumCollectionViewCell.h */ = {isa = PBXFileReference; fileEncoding = 4; lastKnownFileType = sourcecode.c.h; path = PLAlbumCollectionViewCell.h; sourceTree = "<group>"; };
		D01A4D071E0331A000938DAE /* PLAlbumCollectionViewCell.m */ = {isa = PBXFileReference; fileEncoding = 4; lastKnownFileType = sourcecode.c.objc; path = PLAlbumCollectionViewCell.m; sourceTree = "<group>"; };
		D04E03611E06E2320063E6B3 /* PLPhotoCollectionViewCell.h */ = {isa = PBXFileReference; fileEncoding = 4; lastKnownFileType = sourcecode.c.h; path = PLPhotoCollectionViewCell.h; sourceTree = "<group>"; };
		D04E03621E06E2320063E6B3 /* PLPhotoCollectionViewCell.m */ = {isa = PBXFileReference; fileEncoding = 4; lastKnownFileType = sourcecode.c.objc; path = PLPhotoCollectionViewCell.m; sourceTree = "<group>"; };
		D04E03641E06E2550063E6B3 /* PLPhotosViewController.h */ = {isa = PBXFileReference; fileEncoding = 4; lastKnownFileType = sourcecode.c.h; path = PLPhotosViewController.h; sourceTree = "<group>"; };
		D04E03651E06E2550063E6B3 /* PLPhotosViewController.m */ = {isa = PBXFileReference; fileEncoding = 4; lastKnownFileType = sourcecode.c.objc; path = PLPhotosViewController.m; sourceTree = "<group>"; };
		D04E036A1E0722710063E6B3 /* PLFullScreenPhotoViewController.h */ = {isa = PBXFileReference; fileEncoding = 4; lastKnownFileType = sourcecode.c.h; path = PLFullScreenPhotoViewController.h; sourceTree = "<group>"; };
		D04E036B1E0722710063E6B3 /* PLFullScreenPhotoViewController.m */ = {isa = PBXFileReference; fileEncoding = 4; lastKnownFileType = sourcecode.c.objc; path = PLFullScreenPhotoViewController.m; sourceTree = "<group>"; };
		D0B43E791E05CE01009A908B /* Album.h */ = {isa = PBXFileReference; fileEncoding = 4; lastKnownFileType = sourcecode.c.h; path = Album.h; sourceTree = "<group>"; };
		D0B43E7A1E05CE01009A908B /* Album.m */ = {isa = PBXFileReference; fileEncoding = 4; lastKnownFileType = sourcecode.c.objc; path = Album.m; sourceTree = "<group>"; };
		D0D12EB51E07B079002225E6 /* ImageAssetsManager.h */ = {isa = PBXFileReference; fileEncoding = 4; lastKnownFileType = sourcecode.c.h; path = ImageAssetsManager.h; sourceTree = "<group>"; };
		D0D12EB61E07B079002225E6 /* ImageAssetsManager.m */ = {isa = PBXFileReference; fileEncoding = 4; lastKnownFileType = sourcecode.c.objc; path = ImageAssetsManager.m; sourceTree = "<group>"; };
/* End PBXFileReference section */

/* Begin PBXFrameworksBuildPhase section */
		D01A4CE71E032FD600938DAE /* Frameworks */ = {
			isa = PBXFrameworksBuildPhase;
			buildActionMask = 2147483647;
			files = (
			);
			runOnlyForDeploymentPostprocessing = 0;
		};
/* End PBXFrameworksBuildPhase section */

/* Begin PBXGroup section */
		D01A4CE11E032FD600938DAE = {
			isa = PBXGroup;
			children = (
				D01A4CEC1E032FD700938DAE /* PhotoLibrary */,
				D01A4CEB1E032FD600938DAE /* Products */,
			);
			sourceTree = "<group>";
		};
		D01A4CEB1E032FD600938DAE /* Products */ = {
			isa = PBXGroup;
			children = (
				D01A4CEA1E032FD600938DAE /* PhotoLibrary.app */,
			);
			name = Products;
			sourceTree = "<group>";
		};
		D01A4CEC1E032FD700938DAE /* PhotoLibrary */ = {
			isa = PBXGroup;
			children = (
				D01A4CF01E032FD700938DAE /* AppDelegate.h */,
				D01A4CF11E032FD700938DAE /* AppDelegate.m */,
				D0B43E7C1E05CE0B009A908B /* Model */,
				D0D12EB81E07B365002225E6 /* Modules */,
				D01A4CF61E032FD700938DAE /* Main.storyboard */,
				D01A4CF91E032FD700938DAE /* Assets.xcassets */,
				D01A4CFB1E032FD700938DAE /* LaunchScreen.storyboard */,
				D01A4CFE1E032FD700938DAE /* Info.plist */,
				D01A4CED1E032FD700938DAE /* Supporting Files */,
			);
			path = PhotoLibrary;
			sourceTree = "<group>";
		};
		D01A4CED1E032FD700938DAE /* Supporting Files */ = {
			isa = PBXGroup;
			children = (
				D01A4CEE1E032FD700938DAE /* main.m */,
			);
			name = "Supporting Files";
			sourceTree = "<group>";
		};
		D01A4D041E0330E500938DAE /* ViewControllers */ = {
			isa = PBXGroup;
			children = (
				D04E03641E06E2550063E6B3 /* PLPhotosViewController.h */,
				D04E03651E06E2550063E6B3 /* PLPhotosViewController.m */,
			);
			name = ViewControllers;
			sourceTree = "<group>";
		};
		D01A4D051E0330F800938DAE /* Cells */ = {
			isa = PBXGroup;
			children = (
				D04E03611E06E2320063E6B3 /* PLPhotoCollectionViewCell.h */,
				D04E03621E06E2320063E6B3 /* PLPhotoCollectionViewCell.m */,
			);
			name = Cells;
			sourceTree = "<group>";
		};
		D0B43E7C1E05CE0B009A908B /* Model */ = {
			isa = PBXGroup;
			children = (
				D0B43E791E05CE01009A908B /* Album.h */,
				D0B43E7A1E05CE01009A908B /* Album.m */,
				D0D12EB51E07B079002225E6 /* ImageAssetsManager.h */,
				D0D12EB61E07B079002225E6 /* ImageAssetsManager.m */,
			);
			name = Model;
			sourceTree = "<group>";
		};
		D0D12EAF1E07AED8002225E6 /* List of Albums */ = {
			isa = PBXGroup;
			children = (
				D0D12EB01E07AF02002225E6 /* ViewControllers */,
				D0D12EB11E07AF18002225E6 /* View */,
			);
			name = "List of Albums";
			sourceTree = "<group>";
		};
		D0D12EB01E07AF02002225E6 /* ViewControllers */ = {
			isa = PBXGroup;
			children = (
				D01A4CF31E032FD700938DAE /* ViewController.h */,
				D01A4CF41E032FD700938DAE /* ViewController.m */,
			);
			name = ViewControllers;
			sourceTree = "<group>";
		};
		D0D12EB11E07AF18002225E6 /* View */ = {
			isa = PBXGroup;
			children = (
				D0D12EB21E07AF68002225E6 /* Cell */,
			);
			name = View;
			sourceTree = "<group>";
		};
		D0D12EB21E07AF68002225E6 /* Cell */ = {
			isa = PBXGroup;
			children = (
				D01A4D061E0331A000938DAE /* PLAlbumCollectionViewCell.h */,
				D01A4D071E0331A000938DAE /* PLAlbumCollectionViewCell.m */,
			);
			name = Cell;
			sourceTree = "<group>";
		};
		D0D12EB31E07AFF4002225E6 /* List of Photos */ = {
			isa = PBXGroup;
			children = (
				D01A4D041E0330E500938DAE /* ViewControllers */,
				D01A4D051E0330F800938DAE /* Cells */,
			);
			name = "List of Photos";
			sourceTree = "<group>";
		};
		D0D12EB41E07B00E002225E6 /* Preview */ = {
			isa = PBXGroup;
			children = (
				D04E036A1E0722710063E6B3 /* PLFullScreenPhotoViewController.h */,
				D04E036B1E0722710063E6B3 /* PLFullScreenPhotoViewController.m */,
			);
			name = Preview;
			sourceTree = "<group>";
		};
		D0D12EB81E07B365002225E6 /* Modules */ = {
			isa = PBXGroup;
			children = (
				D0D12EAF1E07AED8002225E6 /* List of Albums */,
				D0D12EB31E07AFF4002225E6 /* List of Photos */,
				D0D12EB41E07B00E002225E6 /* Preview */,
			);
			name = Modules;
			sourceTree = "<group>";
		};
/* End PBXGroup section */

/* Begin PBXNativeTarget section */
		D01A4CE91E032FD600938DAE /* PhotoLibrary */ = {
			isa = PBXNativeTarget;
			buildConfigurationList = D01A4D011E032FD700938DAE /* Build configuration list for PBXNativeTarget "PhotoLibrary" */;
			buildPhases = (
				D01A4CE61E032FD600938DAE /* Sources */,
				D01A4CE71E032FD600938DAE /* Frameworks */,
				D01A4CE81E032FD600938DAE /* Resources */,
			);
			buildRules = (
			);
			dependencies = (
			);
			name = PhotoLibrary;
			productName = PhotoLibrary;
			productReference = D01A4CEA1E032FD600938DAE /* PhotoLibrary.app */;
			productType = "com.apple.product-type.application";
		};
/* End PBXNativeTarget section */

/* Begin PBXProject section */
		D01A4CE21E032FD600938DAE /* Project object */ = {
			isa = PBXProject;
			attributes = {
				LastUpgradeCheck = 0820;
				ORGANIZATIONNAME = "Имал Фарук";
				TargetAttributes = {
					D01A4CE91E032FD600938DAE = {
						CreatedOnToolsVersion = 8.1;
						DevelopmentTeam = LE59PD8Y77;
						ProvisioningStyle = Automatic;
					};
				};
			};
			buildConfigurationList = D01A4CE51E032FD600938DAE /* Build configuration list for PBXProject "PhotoLibrary" */;
			compatibilityVersion = "Xcode 3.2";
			developmentRegion = English;
			hasScannedForEncodings = 0;
			knownRegions = (
				en,
				Base,
			);
			mainGroup = D01A4CE11E032FD600938DAE;
			productRefGroup = D01A4CEB1E032FD600938DAE /* Products */;
			projectDirPath = "";
			projectRoot = "";
			targets = (
				D01A4CE91E032FD600938DAE /* PhotoLibrary */,
			);
		};
/* End PBXProject section */

/* Begin PBXResourcesBuildPhase section */
		D01A4CE81E032FD600938DAE /* Resources */ = {
			isa = PBXResourcesBuildPhase;
			buildActionMask = 2147483647;
			files = (
				D01A4CFD1E032FD700938DAE /* LaunchScreen.storyboard in Resources */,
				D01A4CFA1E032FD700938DAE /* Assets.xcassets in Resources */,
				D01A4CF81E032FD700938DAE /* Main.storyboard in Resources */,
			);
			runOnlyForDeploymentPostprocessing = 0;
		};
/* End PBXResourcesBuildPhase section */

/* Begin PBXSourcesBuildPhase section */
		D01A4CE61E032FD600938DAE /* Sources */ = {
			isa = PBXSourcesBuildPhase;
			buildActionMask = 2147483647;
			files = (
				D04E036C1E0722710063E6B3 /* PLFullScreenPhotoViewController.m in Sources */,
				D01A4CF51E032FD700938DAE /* ViewController.m in Sources */,
				D04E03631E06E2320063E6B3 /* PLPhotoCollectionViewCell.m in Sources */,
				D01A4CF21E032FD700938DAE /* AppDelegate.m in Sources */,
				D0D12EB71E07B079002225E6 /* ImageAssetsManager.m in Sources */,
				D04E03661E06E2550063E6B3 /* PLPhotosViewController.m in Sources */,
				D01A4D081E0331A000938DAE /* PLAlbumCollectionViewCell.m in Sources */,
				D0B43E7B1E05CE01009A908B /* Album.m in Sources */,
				D01A4CEF1E032FD700938DAE /* main.m in Sources */,
			);
			runOnlyForDeploymentPostprocessing = 0;
		};
/* End PBXSourcesBuildPhase section */

/* Begin PBXVariantGroup section */
		D01A4CF61E032FD700938DAE /* Main.storyboard */ = {
			isa = PBXVariantGroup;
			children = (
				D01A4CF71E032FD700938DAE /* Base */,
			);
			name = Main.storyboard;
			sourceTree = "<group>";
		};
		D01A4CFB1E032FD700938DAE /* LaunchScreen.storyboard */ = {
			isa = PBXVariantGroup;
			children = (
				D01A4CFC1E032FD700938DAE /* Base */,
			);
			name = LaunchScreen.storyboard;
			sourceTree = "<group>";
		};
/* End PBXVariantGroup section */

/* Begin XCBuildConfiguration section */
		D01A4CFF1E032FD700938DAE /* Debug */ = {
			isa = XCBuildConfiguration;
			buildSettings = {
				ALWAYS_SEARCH_USER_PATHS = NO;
				CLANG_ANALYZER_NONNULL = YES;
				CLANG_CXX_LANGUAGE_STANDARD = "gnu++0x";
				CLANG_CXX_LIBRARY = "libc++";
				CLANG_ENABLE_MODULES = YES;
				CLANG_ENABLE_OBJC_ARC = YES;
				CLANG_WARN_BOOL_CONVERSION = YES;
				CLANG_WARN_CONSTANT_CONVERSION = YES;
				CLANG_WARN_DIRECT_OBJC_ISA_USAGE = YES_ERROR;
				CLANG_WARN_DOCUMENTATION_COMMENTS = YES;
				CLANG_WARN_EMPTY_BODY = YES;
				CLANG_WARN_ENUM_CONVERSION = YES;
				CLANG_WARN_INFINITE_RECURSION = YES;
				CLANG_WARN_INT_CONVERSION = YES;
				CLANG_WARN_OBJC_ROOT_CLASS = YES_ERROR;
				CLANG_WARN_SUSPICIOUS_MOVE = YES;
				CLANG_WARN_SUSPICIOUS_MOVES = YES;
				CLANG_WARN_UNREACHABLE_CODE = YES;
				CLANG_WARN__DUPLICATE_METHOD_MATCH = YES;
				"CODE_SIGN_IDENTITY[sdk=iphoneos*]" = "iPhone Developer";
				COPY_PHASE_STRIP = NO;
				DEBUG_INFORMATION_FORMAT = dwarf;
				ENABLE_STRICT_OBJC_MSGSEND = YES;
				ENABLE_TESTABILITY = YES;
				GCC_C_LANGUAGE_STANDARD = gnu99;
				GCC_DYNAMIC_NO_PIC = NO;
				GCC_NO_COMMON_BLOCKS = YES;
				GCC_OPTIMIZATION_LEVEL = 0;
				GCC_PREPROCESSOR_DEFINITIONS = (
					"DEBUG=1",
					"$(inherited)",
				);
				GCC_WARN_64_TO_32_BIT_CONVERSION = YES;
				GCC_WARN_ABOUT_RETURN_TYPE = YES_ERROR;
				GCC_WARN_UNDECLARED_SELECTOR = YES;
				GCC_WARN_UNINITIALIZED_AUTOS = YES_AGGRESSIVE;
				GCC_WARN_UNUSED_FUNCTION = YES;
				GCC_WARN_UNUSED_VARIABLE = YES;
				IPHONEOS_DEPLOYMENT_TARGET = 9.0;
				MTL_ENABLE_DEBUG_INFO = YES;
				ONLY_ACTIVE_ARCH = YES;
				SDKROOT = iphoneos;
				TARGETED_DEVICE_FAMILY = "1,2";
			};
			name = Debug;
		};
		D01A4D001E032FD700938DAE /* Release */ = {
			isa = XCBuildConfiguration;
			buildSettings = {
				ALWAYS_SEARCH_USER_PATHS = NO;
				CLANG_ANALYZER_NONNULL = YES;
				CLANG_CXX_LANGUAGE_STANDARD = "gnu++0x";
				CLANG_CXX_LIBRARY = "libc++";
				CLANG_ENABLE_MODULES = YES;
				CLANG_ENABLE_OBJC_ARC = YES;
				CLANG_WARN_BOOL_CONVERSION = YES;
				CLANG_WARN_CONSTANT_CONVERSION = YES;
				CLANG_WARN_DIRECT_OBJC_ISA_USAGE = YES_ERROR;
				CLANG_WARN_DOCUMENTATION_COMMENTS = YES;
				CLANG_WARN_EMPTY_BODY = YES;
				CLANG_WARN_ENUM_CONVERSION = YES;
				CLANG_WARN_INFINITE_RECURSION = YES;
				CLANG_WARN_INT_CONVERSION = YES;
				CLANG_WARN_OBJC_ROOT_CLASS = YES_ERROR;
				CLANG_WARN_SUSPICIOUS_MOVE = YES;
				CLANG_WARN_SUSPICIOUS_MOVES = YES;
				CLANG_WARN_UNREACHABLE_CODE = YES;
				CLANG_WARN__DUPLICATE_METHOD_MATCH = YES;
				"CODE_SIGN_IDENTITY[sdk=iphoneos*]" = "iPhone Developer";
				COPY_PHASE_STRIP = NO;
				DEBUG_INFORMATION_FORMAT = "dwarf-with-dsym";
				ENABLE_NS_ASSERTIONS = NO;
				ENABLE_STRICT_OBJC_MSGSEND = YES;
				GCC_C_LANGUAGE_STANDARD = gnu99;
				GCC_NO_COMMON_BLOCKS = YES;
				GCC_WARN_64_TO_32_BIT_CONVERSION = YES;
				GCC_WARN_ABOUT_RETURN_TYPE = YES_ERROR;
				GCC_WARN_UNDECLARED_SELECTOR = YES;
				GCC_WARN_UNINITIALIZED_AUTOS = YES_AGGRESSIVE;
				GCC_WARN_UNUSED_FUNCTION = YES;
				GCC_WARN_UNUSED_VARIABLE = YES;
				IPHONEOS_DEPLOYMENT_TARGET = 9.0;
				MTL_ENABLE_DEBUG_INFO = NO;
				SDKROOT = iphoneos;
				TARGETED_DEVICE_FAMILY = "1,2";
				VALIDATE_PRODUCT = YES;
			};
			name = Release;
		};
		D01A4D021E032FD700938DAE /* Debug */ = {
			isa = XCBuildConfiguration;
			buildSettings = {
				ASSETCATALOG_COMPILER_APPICON_NAME = AppIcon;
				DEVELOPMENT_TEAM = LE59PD8Y77;
				INFOPLIST_FILE = PhotoLibrary/Info.plist;
				IPHONEOS_DEPLOYMENT_TARGET = 9.0;
				LD_RUNPATH_SEARCH_PATHS = "$(inherited) @executable_path/Frameworks";
				PRODUCT_BUNDLE_IDENTIFIER = com.Imal.PhotoLibrary;
				PRODUCT_NAME = "$(TARGET_NAME)";
				TARGETED_DEVICE_FAMILY = 1;
			};
			name = Debug;
		};
		D01A4D031E032FD700938DAE /* Release */ = {
			isa = XCBuildConfiguration;
			buildSettings = {
				ASSETCATALOG_COMPILER_APPICON_NAME = AppIcon;
				DEVELOPMENT_TEAM = LE59PD8Y77;
				INFOPLIST_FILE = PhotoLibrary/Info.plist;
				IPHONEOS_DEPLOYMENT_TARGET = 9.0;
				LD_RUNPATH_SEARCH_PATHS = "$(inherited) @executable_path/Frameworks";
				PRODUCT_BUNDLE_IDENTIFIER = com.Imal.PhotoLibrary;
				PRODUCT_NAME = "$(TARGET_NAME)";
				TARGETED_DEVICE_FAMILY = 1;
			};
			name = Release;
		};
/* End XCBuildConfiguration section */

/* Begin XCConfigurationList section */
		D01A4CE51E032FD600938DAE /* Build configuration list for PBXProject "PhotoLibrary" */ = {
			isa = XCConfigurationList;
			buildConfigurations = (
				D01A4CFF1E032FD700938DAE /* Debug */,
				D01A4D001E032FD700938DAE /* Release */,
			);
			defaultConfigurationIsVisible = 0;
			defaultConfigurationName = Release;
		};
		D01A4D011E032FD700938DAE /* Build configuration list for PBXNativeTarget "PhotoLibrary" */ = {
			isa = XCConfigurationList;
			buildConfigurations = (
				D01A4D021E032FD700938DAE /* Debug */,
				D01A4D031E032FD700938DAE /* Release */,
			);
			defaultConfigurationIsVisible = 0;
			defaultConfigurationName = Release;
		};
/* End XCConfigurationList section */
	};
	rootObject = D01A4CE21E032FD600938DAE /* Project object */;
}
